
Microsoft Visual Studio Solution File, Format Version 12.00
# Visual Studio Version 16
VisualStudioVersion = 16.0.30804.86
MinimumVisualStudioVersion = 10.0.40219.1
Project("{FAE04EC0-301F-11D3-BF4B-00C04F79EFBC}") = "AkkaSysBase", "AkkaSysBase\AkkaSysBase.csproj", "{C355DF27-0508-448C-8E35-489E45070F72}"
EndProject
Project("{FAE04EC0-301F-11D3-BF4B-00C04F79EFBC}") = "LogSender", "LogSender\LogSender.csproj", "{A833A450-1290-4A7B-B71A-D914D1A268D3}"
EndProject
Project("{FAE04EC0-301F-11D3-BF4B-00C04F79EFBC}") = "TcpWindowsForm", "TcpWindowsForm\TcpWindowsForm.csproj", "{2B120468-5BFE-4470-8A07-4558FF3DE7D7}"
EndProject
Global
	GlobalSection(SolutionConfigurationPlatforms) = preSolution
		Debug|Any CPU = Debug|Any CPU
		Release|Any CPU = Release|Any CPU
	EndGlobalSection
	GlobalSection(ProjectConfigurationPlatforms) = postSolution
		{C355DF27-0508-448C-8E35-489E45070F72}.Debug|Any CPU.ActiveCfg = Debug|Any CPU
		{C355DF27-0508-448C-8E35-489E45070F72}.Debug|Any CPU.Build.0 = Debug|Any CPU
		{C355DF27-0508-448C-8E35-489E45070F72}.Release|Any CPU.ActiveCfg = Release|Any CPU
		{C355DF27-0508-448C-8E35-489E45070F72}.Release|Any CPU.Build.0 = Release|Any CPU
		{A833A450-1290-4A7B-B71A-D914D1A268D3}.Debug|Any CPU.ActiveCfg = Debug|Any CPU
		{A833A450-1290-4A7B-B71A-D914D1A268D3}.Debug|Any CPU.Build.0 = Debug|Any CPU
		{A833A450-1290-4A7B-B71A-D914D1A268D3}.Release|Any CPU.ActiveCfg = Release|Any CPU
		{A833A450-1290-4A7B-B71A-D914D1A268D3}.Release|Any CPU.Build.0 = Release|Any CPU
		{2B120468-5BFE-4470-8A07-4558FF3DE7D7}.Debug|Any CPU.ActiveCfg = Debug|Any CPU
		{2B120468-5BFE-4470-8A07-4558FF3DE7D7}.Debug|Any CPU.Build.0 = Debug|Any CPU
		{2B120468-5BFE-4470-8A07-4558FF3DE7D7}.Release|Any CPU.ActiveCfg = Release|Any CPU
		{2B120468-5BFE-4470-8A07-4558FF3DE7D7}.Release|Any CPU.Build.0 = Release|Any CPU
	EndGlobalSection
	GlobalSection(SolutionProperties) = preSolution
		HideSolutionNode = FALSE
	EndGlobalSection
	GlobalSection(ExtensibilityGlobals) = postSolution
		SolutionGuid = {C067404E-3D3E-44ED-B66D-F9DBE9457837}
	EndGlobalSection
EndGlobal
